schema: '2.0'
stages:
  prepare:
    cmd: poetry run python nudging/prepare.py
    deps:
    - path: data/external
      md5: 3eaf89488e87ff5e40a2afe61854bc82.dir
      size: 215354774
      nfiles: 371
    - path: nudging/prepare.py
      md5: 54885370f1863debe9207fd18c5599e0
      size: 1911
    - path: nudging/propensity_score.py
      md5: 639244b51238c7a0865b4e75c473e55d
      size: 7434
    - path: nudging/reader
      md5: d8d473d68bb80e1f2f7ed79b25912d1a.dir
      size: 21340
      nfiles: 12
    - path: nudging/utils.py
      md5: bc01d2b1a70243fe3226e5e4329b0f8d
      size: 966
    outs:
    - path: data/interim
      md5: 84bbc9a3db552d10750c35ba397b0799.dir
      size: 49210
      nfiles: 3
    - path: data/raw
      md5: 5ed7862a78663c85e6f86c1647ba2c46.dir
      size: 34898032
      nfiles: 2
  train:
    cmd: poetry run python nudging/train.py
    deps:
    - path: data/interim
      md5: 84bbc9a3db552d10750c35ba397b0799.dir
      size: 49210
      nfiles: 3
    - path: nudging/train.py
      md5: c640f3388e30754f903eda2e68f12eac
      size: 1892
    - path: nudging/utils.py
      md5: bc01d2b1a70243fe3226e5e4329b0f8d
      size: 966
    outs:
    - path: models
      md5: 2721a8008f4e98491f7dc20232a7d5ca.dir
      size: 814
      nfiles: 1
  predict:
    cmd: poetry run python nudging/predict.py
    deps:
    - path: data/interim
      md5: 84bbc9a3db552d10750c35ba397b0799.dir
      size: 49210
      nfiles: 3
    - path: models
      md5: 2721a8008f4e98491f7dc20232a7d5ca.dir
      size: 814
      nfiles: 1
    - path: nudging/predict.py
      md5: 997e68b298bf2101313af07bb030a050
      size: 3523
    - path: nudging/utils.py
      md5: bc01d2b1a70243fe3226e5e4329b0f8d
      size: 966
    outs:
    - path: data/processed
      md5: 53f2cde4a290f62e9f6131f91b14b0ab.dir
      size: 836
      nfiles: 1
    - path: plots
      md5: ec05803377cfc3587e6ff2ab7cb568c7.dir
      size: 82248
      nfiles: 4
