schema: '2.0'
stages:
  prepare:
    cmd: poetry run python nudging/prepare.py
    deps:
    - path: data/external
      md5: 3eaf89488e87ff5e40a2afe61854bc82.dir
      size: 215354774
      nfiles: 371
    - path: nudging/prepare.py
      md5: 81ab6f502426d40cedb5fbd83cbc5065
      size: 1904
    - path: nudging/propensity_score.py
      md5: 1f223bfe278d8e76026c8df3ebf5085f
      size: 7468
    - path: nudging/reader
      md5: e5ee4c3e7185555196d3cf51d9fa8746.dir
      size: 23918
      nfiles: 14
    - path: nudging/utils.py
      md5: d9caff8c0db2570f63b82230adf2de89
      size: 941
    outs:
    - path: data/interim
      md5: 2b79903631881e25a2201a4f846d27da.dir
      size: 119190
      nfiles: 5
    - path: data/raw
      md5: 8b3781b623d24c60998ead489877ed08.dir
      size: 35147391
      nfiles: 4
  train:
    cmd: poetry run python nudging/train.py
    deps:
    - path: config.yaml
      md5: 2d08a96ff05178784948c907eaef895c
      size: 75
    - path: data/interim
      md5: 2b79903631881e25a2201a4f846d27da.dir
      size: 119190
      nfiles: 5
    - path: nudging/train.py
      md5: 03ed49d056dcfd3a7412e8cca52ac777
      size: 1962
    - path: nudging/utils.py
      md5: d9caff8c0db2570f63b82230adf2de89
      size: 941
    outs:
    - path: models
      md5: 97a8ae9cd6ef79ba91f9c180d926bead.dir
      size: 814
      nfiles: 1
  predict:
    cmd: poetry run python nudging/predict.py
    deps:
    - path: config.yaml
      md5: 2d08a96ff05178784948c907eaef895c
      size: 75
    - path: data/interim
      md5: 2b79903631881e25a2201a4f846d27da.dir
      size: 119190
      nfiles: 5
    - path: models
      md5: 97a8ae9cd6ef79ba91f9c180d926bead.dir
      size: 814
      nfiles: 1
    - path: nudging/predict.py
      md5: accfb29d5f5b014276ab718f9804fbeb
      size: 3966
    - path: nudging/utils.py
      md5: d9caff8c0db2570f63b82230adf2de89
      size: 941
    outs:
    - path: data/processed
      md5: 901ee6e19d18f57675235a3149b74505.dir
      size: 944
      nfiles: 1
    - path: plots
      md5: 20c9e3f0f3d967515d5a72b16bd49f4c.dir
      size: 56967
      nfiles: 4
