schema: '2.0'
stages:
  prepare:
    cmd: poetry run python src/nudge_success.py
    deps:
    - path: data/external
      md5: dcef0d5cde638c5048d71a37dde2f407.dir
      size: 203836553
      nfiles: 370
    - path: src/nudge_success.py
      md5: b306388a45af7f27e1e56c255621b912
      size: 2810
    outs:
    - path: data/interim
      md5: 84bbc9a3db552d10750c35ba397b0799.dir
      size: 49210
      nfiles: 3
    - path: data/raw
      md5: 5ed7862a78663c85e6f86c1647ba2c46.dir
      size: 34898032
      nfiles: 2
  train:
    cmd: poetry run python src/nudge_probability.py
    deps:
    - path: data/interim
      md5: 84bbc9a3db552d10750c35ba397b0799.dir
      size: 49210
      nfiles: 3
    - path: src/nudge_probability.py
      md5: c5ad5dff60a02fbff36c7e78852ebbbf
      size: 5232
    outs:
    - path: data/processed
      md5: 53f2cde4a290f62e9f6131f91b14b0ab.dir
      size: 836
      nfiles: 1
